Microsoft Visual Studio Solution File, Format Version 12.00
# Visual Studio Version 17
VisualStudioVersion = 17.5.2.0
MinimumVisualStudioVersion = 10.0.40219.1
Project("{2150E333-8FDC-42A3-9474-1A3956D46DE8}") = "backend", "backend", "{1AE8ACA6-933B-BF2A-3671-3E2EAC007D16}"
EndProject
Project("{2150E333-8FDC-42A3-9474-1A3956D46DE8}") = "tests", "tests", "{F57642F3-C37C-D174-720E-6A6AAD5BEE22}"
EndProject
Project("{FAE04EC0-301F-11D3-BF4B-00C04F79EFBC}") = "InvoiceManager.Api.Tests", "backend\tests\InvoiceManager.Api.Tests.csproj", "{880BEF94-4663-1048-85B6-6F861C2DAE07}"
EndProject
Project("{2150E333-8FDC-42A3-9474-1A3956D46DE8}") = "src", "src", "{0F9113EE-888A-26D2-68B0-4A7D0A2A8745}"
EndProject
Project("{2150E333-8FDC-42A3-9474-1A3956D46DE8}") = "Api", "Api", "{BA6F7829-E8E0-0751-39EF-2A8D88499F23}"
EndProject
Project("{FAE04EC0-301F-11D3-BF4B-00C04F79EFBC}") = "InvoiceManager.Api", "backend\src\Api\InvoiceManager.Api.csproj", "{F645281C-8AA4-C1E4-656A-0DE6ADAF0C27}"
EndProject
Project("{2150E333-8FDC-42A3-9474-1A3956D46DE8}") = "Application", "Application", "{DD51F25B-189C-C109-44C9-4CFD0205B88C}"
EndProject
Project("{FAE04EC0-301F-11D3-BF4B-00C04F79EFBC}") = "InvoiceManager.Application", "backend\src\Application\InvoiceManager.Application.csproj", "{CD32DB58-6D0E-7246-A40D-A0CDD2C1BFB6}"
EndProject
Project("{2150E333-8FDC-42A3-9474-1A3956D46DE8}") = "Domain", "Domain", "{F32722EB-BA92-14D5-7A95-09E8C4628122}"
EndProject
Project("{FAE04EC0-301F-11D3-BF4B-00C04F79EFBC}") = "InvoiceManager.Domain", "backend\src\Domain\InvoiceManager.Domain.csproj", "{70C85D2C-477C-6E6B-5C6A-780F54620378}"
EndProject
Project("{2150E333-8FDC-42A3-9474-1A3956D46DE8}") = "Infrastructure", "Infrastructure", "{2E00793F-1FC4-E5CF-561B-B85C6FC4F4EC}"
EndProject
Project("{FAE04EC0-301F-11D3-BF4B-00C04F79EFBC}") = "InvoiceManager.Infrastructure", "backend\src\Infrastructure\InvoiceManager.Infrastructure.csproj", "{C07ED1CD-E2C8-702E-D309-2753299BD51D}"
EndProject
Project("{2150E333-8FDC-42A3-9474-1A3956D46DE8}") = "Licensing", "Licensing", "{0B80946F-2648-7684-607E-D816713B0F40}"
EndProject
Project("{FAE04EC0-301F-11D3-BF4B-00C04F79EFBC}") = "InvoiceManager.Licensing", "backend\src\Licensing\InvoiceManager.Licensing.csproj", "{4D7919F5-7BFA-901E-47C8-DC40401AC7BB}"
EndProject
Global
	GlobalSection(SolutionConfigurationPlatforms) = preSolution
		Debug|Any CPU = Debug|Any CPU
		Release|Any CPU = Release|Any CPU
	EndGlobalSection
	GlobalSection(ProjectConfigurationPlatforms) = postSolution
		{880BEF94-4663-1048-85B6-6F861C2DAE07}.Debug|Any CPU.ActiveCfg = Debug|Any CPU
		{880BEF94-4663-1048-85B6-6F861C2DAE07}.Debug|Any CPU.Build.0 = Debug|Any CPU
		{880BEF94-4663-1048-85B6-6F861C2DAE07}.Release|Any CPU.ActiveCfg = Release|Any CPU
		{880BEF94-4663-1048-85B6-6F861C2DAE07}.Release|Any CPU.Build.0 = Release|Any CPU
		{F645281C-8AA4-C1E4-656A-0DE6ADAF0C27}.Debug|Any CPU.ActiveCfg = Debug|Any CPU
		{F645281C-8AA4-C1E4-656A-0DE6ADAF0C27}.Debug|Any CPU.Build.0 = Debug|Any CPU
		{F645281C-8AA4-C1E4-656A-0DE6ADAF0C27}.Release|Any CPU.ActiveCfg = Release|Any CPU
		{F645281C-8AA4-C1E4-656A-0DE6ADAF0C27}.Release|Any CPU.Build.0 = Release|Any CPU
		{CD32DB58-6D0E-7246-A40D-A0CDD2C1BFB6}.Debug|Any CPU.ActiveCfg = Debug|Any CPU
		{CD32DB58-6D0E-7246-A40D-A0CDD2C1BFB6}.Debug|Any CPU.Build.0 = Debug|Any CPU
		{CD32DB58-6D0E-7246-A40D-A0CDD2C1BFB6}.Release|Any CPU.ActiveCfg = Release|Any CPU
		{CD32DB58-6D0E-7246-A40D-A0CDD2C1BFB6}.Release|Any CPU.Build.0 = Release|Any CPU
		{70C85D2C-477C-6E6B-5C6A-780F54620378}.Debug|Any CPU.ActiveCfg = Debug|Any CPU
		{70C85D2C-477C-6E6B-5C6A-780F54620378}.Debug|Any CPU.Build.0 = Debug|Any CPU
		{70C85D2C-477C-6E6B-5C6A-780F54620378}.Release|Any CPU.ActiveCfg = Release|Any CPU
		{70C85D2C-477C-6E6B-5C6A-780F54620378}.Release|Any CPU.Build.0 = Release|Any CPU
		{C07ED1CD-E2C8-702E-D309-2753299BD51D}.Debug|Any CPU.ActiveCfg = Debug|Any CPU
		{C07ED1CD-E2C8-702E-D309-2753299BD51D}.Debug|Any CPU.Build.0 = Debug|Any CPU
		{C07ED1CD-E2C8-702E-D309-2753299BD51D}.Release|Any CPU.ActiveCfg = Release|Any CPU
		{C07ED1CD-E2C8-702E-D309-2753299BD51D}.Release|Any CPU.Build.0 = Release|Any CPU
		{4D7919F5-7BFA-901E-47C8-DC40401AC7BB}.Debug|Any CPU.ActiveCfg = Debug|Any CPU
		{4D7919F5-7BFA-901E-47C8-DC40401AC7BB}.Debug|Any CPU.Build.0 = Debug|Any CPU
		{4D7919F5-7BFA-901E-47C8-DC40401AC7BB}.Release|Any CPU.ActiveCfg = Release|Any CPU
		{4D7919F5-7BFA-901E-47C8-DC40401AC7BB}.Release|Any CPU.Build.0 = Release|Any CPU
	EndGlobalSection
	GlobalSection(SolutionProperties) = preSolution
		HideSolutionNode = FALSE
	EndGlobalSection
	GlobalSection(NestedProjects) = preSolution
		{F57642F3-C37C-D174-720E-6A6AAD5BEE22} = {1AE8ACA6-933B-BF2A-3671-3E2EAC007D16}
		{880BEF94-4663-1048-85B6-6F861C2DAE07} = {F57642F3-C37C-D174-720E-6A6AAD5BEE22}
		{0F9113EE-888A-26D2-68B0-4A7D0A2A8745} = {1AE8ACA6-933B-BF2A-3671-3E2EAC007D16}
		{BA6F7829-E8E0-0751-39EF-2A8D88499F23} = {0F9113EE-888A-26D2-68B0-4A7D0A2A8745}
		{F645281C-8AA4-C1E4-656A-0DE6ADAF0C27} = {BA6F7829-E8E0-0751-39EF-2A8D88499F23}
		{DD51F25B-189C-C109-44C9-4CFD0205B88C} = {0F9113EE-888A-26D2-68B0-4A7D0A2A8745}
		{CD32DB58-6D0E-7246-A40D-A0CDD2C1BFB6} = {DD51F25B-189C-C109-44C9-4CFD0205B88C}
		{F32722EB-BA92-14D5-7A95-09E8C4628122} = {0F9113EE-888A-26D2-68B0-4A7D0A2A8745}
		{70C85D2C-477C-6E6B-5C6A-780F54620378} = {F32722EB-BA92-14D5-7A95-09E8C4628122}
		{2E00793F-1FC4-E5CF-561B-B85C6FC4F4EC} = {0F9113EE-888A-26D2-68B0-4A7D0A2A8745}
		{C07ED1CD-E2C8-702E-D309-2753299BD51D} = {2E00793F-1FC4-E5CF-561B-B85C6FC4F4EC}
		{0B80946F-2648-7684-607E-D816713B0F40} = {0F9113EE-888A-26D2-68B0-4A7D0A2A8745}
		{4D7919F5-7BFA-901E-47C8-DC40401AC7BB} = {0B80946F-2648-7684-607E-D816713B0F40}
	EndGlobalSection
	GlobalSection(ExtensibilityGlobals) = postSolution
		SolutionGuid = {B1581384-B8DF-4EEC-B395-EBF72DED9860}
	EndGlobalSection
EndGlobal
